
Microsoft Visual Studio Solution File, Format Version 12.00
# Visual Studio 15
VisualStudioVersion = 15.0.27004.2005
MinimumVisualStudioVersion = 10.0.40219.1
Project("{D954291E-2A0B-460D-934E-DC6B0785DB48}") = "PointMyTelescope.Shared", "PointMyTelescope\PointMyTelescope\PointMyTelescope.Shared.shproj", "{8BD61752-FBB0-421D-B69E-E82B9B94A43B}"
EndProject
Project("{FAE04EC0-301F-11D3-BF4B-00C04F79EFBC}") = "PointMyTelescope.Android", "PointMyTelescope\PointMyTelescope.Android\PointMyTelescope.Android.csproj", "{98D85204-F557-4490-B87E-15B0946A3933}"
EndProject
Project("{FAE04EC0-301F-11D3-BF4B-00C04F79EFBC}") = "PointMyTelescope.iOS", "PointMyTelescope\PointMyTelescope.iOS\PointMyTelescope.iOS.csproj", "{3A936943-E0AD-4725-8892-CCB5A575EF8D}"
EndProject
Project("{FAE04EC0-301F-11D3-BF4B-00C04F79EFBC}") = "PointMyTelescope.UWP", "PointMyTelescope\PointMyTelescope.UWP\PointMyTelescope.UWP.csproj", "{23208C5A-05D4-4596-BF96-186708135816}"
EndProject
Project("{FAE04EC0-301F-11D3-BF4B-00C04F79EFBC}") = "PointMyTelescope.Desktop", "PointMyTelescope.Desktop\PointMyTelescope.Desktop.csproj", "{BEBB735E-887E-4BE1-A5B3-73F5C8E0740C}"
EndProject
Project("{9A19103F-16F7-4668-BE54-9A1E7A4F7556}") = "PointMyTelescope.Standard", "PointMyTelescope.Standard\PointMyTelescope.Standard.csproj", "{C63E54A2-EC7D-4880-95C5-230B3B4AC47F}"
EndProject
Global
	GlobalSection(SharedMSBuildProjectFiles) = preSolution
		PointMyTelescope\PointMyTelescope\PointMyTelescope.projitems*{23208c5a-05d4-4596-bf96-186708135816}*SharedItemsImports = 4
		PointMyTelescope\PointMyTelescope\PointMyTelescope.projitems*{3a936943-e0ad-4725-8892-ccb5a575ef8d}*SharedItemsImports = 4
		PointMyTelescope\PointMyTelescope\PointMyTelescope.projitems*{8bd61752-fbb0-421d-b69e-e82b9b94a43b}*SharedItemsImports = 13
		PointMyTelescope\PointMyTelescope\PointMyTelescope.projitems*{98d85204-f557-4490-b87e-15b0946a3933}*SharedItemsImports = 4
	EndGlobalSection
	GlobalSection(SolutionConfigurationPlatforms) = preSolution
		Ad-Hoc|Any CPU = Ad-Hoc|Any CPU
		Ad-Hoc|ARM = Ad-Hoc|ARM
		Ad-Hoc|iPhone = Ad-Hoc|iPhone
		Ad-Hoc|iPhoneSimulator = Ad-Hoc|iPhoneSimulator
		Ad-Hoc|x64 = Ad-Hoc|x64
		Ad-Hoc|x86 = Ad-Hoc|x86
		AppStore|Any CPU = AppStore|Any CPU
		AppStore|ARM = AppStore|ARM
		AppStore|iPhone = AppStore|iPhone
		AppStore|iPhoneSimulator = AppStore|iPhoneSimulator
		AppStore|x64 = AppStore|x64
		AppStore|x86 = AppStore|x86
		Debug|Any CPU = Debug|Any CPU
		Debug|ARM = Debug|ARM
		Debug|iPhone = Debug|iPhone
		Debug|iPhoneSimulator = Debug|iPhoneSimulator
		Debug|x64 = Debug|x64
		Debug|x86 = Debug|x86
		Release|Any CPU = Release|Any CPU
		Release|ARM = Release|ARM
		Release|iPhone = Release|iPhone
		Release|iPhoneSimulator = Release|iPhoneSimulator
		Release|x64 = Release|x64
		Release|x86 = Release|x86
	EndGlobalSection
	GlobalSection(ProjectConfigurationPlatforms) = postSolution
		{98D85204-F557-4490-B87E-15B0946A3933}.Ad-Hoc|Any CPU.ActiveCfg = Release|Any CPU
		{98D85204-F557-4490-B87E-15B0946A3933}.Ad-Hoc|Any CPU.Build.0 = Release|Any CPU
		{98D85204-F557-4490-B87E-15B0946A3933}.Ad-Hoc|Any CPU.Deploy.0 = Release|Any CPU
		{98D85204-F557-4490-B87E-15B0946A3933}.Ad-Hoc|ARM.ActiveCfg = Release|Any CPU
		{98D85204-F557-4490-B87E-15B0946A3933}.Ad-Hoc|ARM.Build.0 = Release|Any CPU
		{98D85204-F557-4490-B87E-15B0946A3933}.Ad-Hoc|ARM.Deploy.0 = Release|Any CPU
		{98D85204-F557-4490-B87E-15B0946A3933}.Ad-Hoc|iPhone.ActiveCfg = Release|Any CPU
		{98D85204-F557-4490-B87E-15B0946A3933}.Ad-Hoc|iPhone.Build.0 = Release|Any CPU
		{98D85204-F557-4490-B87E-15B0946A3933}.Ad-Hoc|iPhone.Deploy.0 = Release|Any CPU
		{98D85204-F557-4490-B87E-15B0946A3933}.Ad-Hoc|iPhoneSimulator.ActiveCfg = Release|Any CPU
		{98D85204-F557-4490-B87E-15B0946A3933}.Ad-Hoc|iPhoneSimulator.Build.0 = Release|Any CPU
		{98D85204-F557-4490-B87E-15B0946A3933}.Ad-Hoc|iPhoneSimulator.Deploy.0 = Release|Any CPU
		{98D85204-F557-4490-B87E-15B0946A3933}.Ad-Hoc|x64.ActiveCfg = Release|Any CPU
		{98D85204-F557-4490-B87E-15B0946A3933}.Ad-Hoc|x64.Build.0 = Release|Any CPU
		{98D85204-F557-4490-B87E-15B0946A3933}.Ad-Hoc|x64.Deploy.0 = Release|Any CPU
		{98D85204-F557-4490-B87E-15B0946A3933}.Ad-Hoc|x86.ActiveCfg = Release|Any CPU
		{98D85204-F557-4490-B87E-15B0946A3933}.Ad-Hoc|x86.Build.0 = Release|Any CPU
		{98D85204-F557-4490-B87E-15B0946A3933}.Ad-Hoc|x86.Deploy.0 = Release|Any CPU
		{98D85204-F557-4490-B87E-15B0946A3933}.AppStore|Any CPU.ActiveCfg = Release|Any CPU
		{98D85204-F557-4490-B87E-15B0946A3933}.AppStore|Any CPU.Build.0 = Release|Any CPU
		{98D85204-F557-4490-B87E-15B0946A3933}.AppStore|Any CPU.Deploy.0 = Release|Any CPU
		{98D85204-F557-4490-B87E-15B0946A3933}.AppStore|ARM.ActiveCfg = Release|Any CPU
		{98D85204-F557-4490-B87E-15B0946A3933}.AppStore|ARM.Build.0 = Release|Any CPU
		{98D85204-F557-4490-B87E-15B0946A3933}.AppStore|ARM.Deploy.0 = Release|Any CPU
		{98D85204-F557-4490-B87E-15B0946A3933}.AppStore|iPhone.ActiveCfg = Release|Any CPU
		{98D85204-F557-4490-B87E-15B0946A3933}.AppStore|iPhone.Build.0 = Release|Any CPU
		{98D85204-F557-4490-B87E-15B0946A3933}.AppStore|iPhone.Deploy.0 = Release|Any CPU
		{98D85204-F557-4490-B87E-15B0946A3933}.AppStore|iPhoneSimulator.ActiveCfg = Release|Any CPU
		{98D85204-F557-4490-B87E-15B0946A3933}.AppStore|iPhoneSimulator.Build.0 = Release|Any CPU
		{98D85204-F557-4490-B87E-15B0946A3933}.AppStore|iPhoneSimulator.Deploy.0 = Release|Any CPU
		{98D85204-F557-4490-B87E-15B0946A3933}.AppStore|x64.ActiveCfg = Release|Any CPU
		{98D85204-F557-4490-B87E-15B0946A3933}.AppStore|x64.Build.0 = Release|Any CPU
		{98D85204-F557-4490-B87E-15B0946A3933}.AppStore|x64.Deploy.0 = Release|Any CPU
		{98D85204-F557-4490-B87E-15B0946A3933}.AppStore|x86.ActiveCfg = Release|Any CPU
		{98D85204-F557-4490-B87E-15B0946A3933}.AppStore|x86.Build.0 = Release|Any CPU
		{98D85204-F557-4490-B87E-15B0946A3933}.AppStore|x86.Deploy.0 = Release|Any CPU
		{98D85204-F557-4490-B87E-15B0946A3933}.Debug|Any CPU.ActiveCfg = Debug|Any CPU
		{98D85204-F557-4490-B87E-15B0946A3933}.Debug|ARM.ActiveCfg = Debug|Any CPU
		{98D85204-F557-4490-B87E-15B0946A3933}.Debug|ARM.Build.0 = Debug|Any CPU
		{98D85204-F557-4490-B87E-15B0946A3933}.Debug|ARM.Deploy.0 = Debug|Any CPU
		{98D85204-F557-4490-B87E-15B0946A3933}.Debug|iPhone.ActiveCfg = Debug|Any CPU
		{98D85204-F557-4490-B87E-15B0946A3933}.Debug|iPhone.Build.0 = Debug|Any CPU
		{98D85204-F557-4490-B87E-15B0946A3933}.Debug|iPhone.Deploy.0 = Debug|Any CPU
		{98D85204-F557-4490-B87E-15B0946A3933}.Debug|iPhoneSimulator.ActiveCfg = Debug|Any CPU
		{98D85204-F557-4490-B87E-15B0946A3933}.Debug|iPhoneSimulator.Build.0 = Debug|Any CPU
		{98D85204-F557-4490-B87E-15B0946A3933}.Debug|iPhoneSimulator.Deploy.0 = Debug|Any CPU
		{98D85204-F557-4490-B87E-15B0946A3933}.Debug|x64.ActiveCfg = Debug|Any CPU
		{98D85204-F557-4490-B87E-15B0946A3933}.Debug|x64.Build.0 = Debug|Any CPU
		{98D85204-F557-4490-B87E-15B0946A3933}.Debug|x64.Deploy.0 = Debug|Any CPU
		{98D85204-F557-4490-B87E-15B0946A3933}.Debug|x86.ActiveCfg = Debug|Any CPU
		{98D85204-F557-4490-B87E-15B0946A3933}.Debug|x86.Build.0 = Debug|Any CPU
		{98D85204-F557-4490-B87E-15B0946A3933}.Debug|x86.Deploy.0 = Debug|Any CPU
		{98D85204-F557-4490-B87E-15B0946A3933}.Release|Any CPU.ActiveCfg = Release|Any CPU
		{98D85204-F557-4490-B87E-15B0946A3933}.Release|Any CPU.Build.0 = Release|Any CPU
		{98D85204-F557-4490-B87E-15B0946A3933}.Release|Any CPU.Deploy.0 = Release|Any CPU
		{98D85204-F557-4490-B87E-15B0946A3933}.Release|ARM.ActiveCfg = Release|Any CPU
		{98D85204-F557-4490-B87E-15B0946A3933}.Release|ARM.Build.0 = Release|Any CPU
		{98D85204-F557-4490-B87E-15B0946A3933}.Release|ARM.Deploy.0 = Release|Any CPU
		{98D85204-F557-4490-B87E-15B0946A3933}.Release|iPhone.ActiveCfg = Release|Any CPU
		{98D85204-F557-4490-B87E-15B0946A3933}.Release|iPhone.Build.0 = Release|Any CPU
		{98D85204-F557-4490-B87E-15B0946A3933}.Release|iPhone.Deploy.0 = Release|Any CPU
		{98D85204-F557-4490-B87E-15B0946A3933}.Release|iPhoneSimulator.ActiveCfg = Release|Any CPU
		{98D85204-F557-4490-B87E-15B0946A3933}.Release|iPhoneSimulator.Build.0 = Release|Any CPU
		{98D85204-F557-4490-B87E-15B0946A3933}.Release|iPhoneSimulator.Deploy.0 = Release|Any CPU
		{98D85204-F557-4490-B87E-15B0946A3933}.Release|x64.ActiveCfg = Release|Any CPU
		{98D85204-F557-4490-B87E-15B0946A3933}.Release|x64.Build.0 = Release|Any CPU
		{98D85204-F557-4490-B87E-15B0946A3933}.Release|x64.Deploy.0 = Release|Any CPU
		{98D85204-F557-4490-B87E-15B0946A3933}.Release|x86.ActiveCfg = Release|Any CPU
		{98D85204-F557-4490-B87E-15B0946A3933}.Release|x86.Build.0 = Release|Any CPU
		{98D85204-F557-4490-B87E-15B0946A3933}.Release|x86.Deploy.0 = Release|Any CPU
		{3A936943-E0AD-4725-8892-CCB5A575EF8D}.Ad-Hoc|Any CPU.ActiveCfg = Ad-Hoc|iPhoneSimulator
		{3A936943-E0AD-4725-8892-CCB5A575EF8D}.Ad-Hoc|ARM.ActiveCfg = Ad-Hoc|iPhone
		{3A936943-E0AD-4725-8892-CCB5A575EF8D}.Ad-Hoc|iPhone.ActiveCfg = Ad-Hoc|iPhone
		{3A936943-E0AD-4725-8892-CCB5A575EF8D}.Ad-Hoc|iPhone.Build.0 = Ad-Hoc|iPhone
		{3A936943-E0AD-4725-8892-CCB5A575EF8D}.Ad-Hoc|iPhoneSimulator.ActiveCfg = Ad-Hoc|iPhoneSimulator
		{3A936943-E0AD-4725-8892-CCB5A575EF8D}.Ad-Hoc|iPhoneSimulator.Build.0 = Ad-Hoc|iPhoneSimulator
		{3A936943-E0AD-4725-8892-CCB5A575EF8D}.Ad-Hoc|x64.ActiveCfg = Ad-Hoc|iPhone
		{3A936943-E0AD-4725-8892-CCB5A575EF8D}.Ad-Hoc|x86.ActiveCfg = Ad-Hoc|iPhone
		{3A936943-E0AD-4725-8892-CCB5A575EF8D}.AppStore|Any CPU.ActiveCfg = AppStore|iPhoneSimulator
		{3A936943-E0AD-4725-8892-CCB5A575EF8D}.AppStore|ARM.ActiveCfg = AppStore|iPhone
		{3A936943-E0AD-4725-8892-CCB5A575EF8D}.AppStore|iPhone.ActiveCfg = AppStore|iPhone
		{3A936943-E0AD-4725-8892-CCB5A575EF8D}.AppStore|iPhone.Build.0 = AppStore|iPhone
		{3A936943-E0AD-4725-8892-CCB5A575EF8D}.AppStore|iPhoneSimulator.ActiveCfg = AppStore|iPhoneSimulator
		{3A936943-E0AD-4725-8892-CCB5A575EF8D}.AppStore|iPhoneSimulator.Build.0 = AppStore|iPhoneSimulator
		{3A936943-E0AD-4725-8892-CCB5A575EF8D}.AppStore|x64.ActiveCfg = AppStore|iPhone
		{3A936943-E0AD-4725-8892-CCB5A575EF8D}.AppStore|x86.ActiveCfg = AppStore|iPhone
		{3A936943-E0AD-4725-8892-CCB5A575EF8D}.Debug|Any CPU.ActiveCfg = Debug|iPhoneSimulator
		{3A936943-E0AD-4725-8892-CCB5A575EF8D}.Debug|ARM.ActiveCfg = Debug|iPhone
		{3A936943-E0AD-4725-8892-CCB5A575EF8D}.Debug|iPhone.ActiveCfg = Debug|iPhone
		{3A936943-E0AD-4725-8892-CCB5A575EF8D}.Debug|iPhone.Build.0 = Debug|iPhone
		{3A936943-E0AD-4725-8892-CCB5A575EF8D}.Debug|iPhoneSimulator.ActiveCfg = Debug|iPhoneSimulator
		{3A936943-E0AD-4725-8892-CCB5A575EF8D}.Debug|iPhoneSimulator.Build.0 = Debug|iPhoneSimulator
		{3A936943-E0AD-4725-8892-CCB5A575EF8D}.Debug|x64.ActiveCfg = Debug|iPhone
		{3A936943-E0AD-4725-8892-CCB5A575EF8D}.Debug|x86.ActiveCfg = Debug|iPhone
		{3A936943-E0AD-4725-8892-CCB5A575EF8D}.Release|Any CPU.ActiveCfg = Release|iPhoneSimulator
		{3A936943-E0AD-4725-8892-CCB5A575EF8D}.Release|ARM.ActiveCfg = Release|iPhone
		{3A936943-E0AD-4725-8892-CCB5A575EF8D}.Release|iPhone.ActiveCfg = Release|iPhone
		{3A936943-E0AD-4725-8892-CCB5A575EF8D}.Release|iPhone.Build.0 = Release|iPhone
		{3A936943-E0AD-4725-8892-CCB5A575EF8D}.Release|iPhoneSimulator.ActiveCfg = Release|iPhoneSimulator
		{3A936943-E0AD-4725-8892-CCB5A575EF8D}.Release|iPhoneSimulator.Build.0 = Release|iPhoneSimulator
		{3A936943-E0AD-4725-8892-CCB5A575EF8D}.Release|x64.ActiveCfg = Release|iPhone
		{3A936943-E0AD-4725-8892-CCB5A575EF8D}.Release|x86.ActiveCfg = Release|iPhone
		{23208C5A-05D4-4596-BF96-186708135816}.Ad-Hoc|Any CPU.ActiveCfg = Release|x86
		{23208C5A-05D4-4596-BF96-186708135816}.Ad-Hoc|Any CPU.Build.0 = Release|x86
		{23208C5A-05D4-4596-BF96-186708135816}.Ad-Hoc|Any CPU.Deploy.0 = Release|x86
		{23208C5A-05D4-4596-BF96-186708135816}.Ad-Hoc|ARM.ActiveCfg = Release|ARM
		{23208C5A-05D4-4596-BF96-186708135816}.Ad-Hoc|ARM.Build.0 = Release|ARM
		{23208C5A-05D4-4596-BF96-186708135816}.Ad-Hoc|ARM.Deploy.0 = Release|ARM
		{23208C5A-05D4-4596-BF96-186708135816}.Ad-Hoc|iPhone.ActiveCfg = Release|x86
		{23208C5A-05D4-4596-BF96-186708135816}.Ad-Hoc|iPhone.Build.0 = Release|x86
		{23208C5A-05D4-4596-BF96-186708135816}.Ad-Hoc|iPhone.Deploy.0 = Release|x86
		{23208C5A-05D4-4596-BF96-186708135816}.Ad-Hoc|iPhoneSimulator.ActiveCfg = Release|x86
		{23208C5A-05D4-4596-BF96-186708135816}.Ad-Hoc|iPhoneSimulator.Build.0 = Release|x86
		{23208C5A-05D4-4596-BF96-186708135816}.Ad-Hoc|iPhoneSimulator.Deploy.0 = Release|x86
		{23208C5A-05D4-4596-BF96-186708135816}.Ad-Hoc|x64.ActiveCfg = Release|x64
		{23208C5A-05D4-4596-BF96-186708135816}.Ad-Hoc|x64.Build.0 = Release|x64
		{23208C5A-05D4-4596-BF96-186708135816}.Ad-Hoc|x64.Deploy.0 = Release|x64
		{23208C5A-05D4-4596-BF96-186708135816}.Ad-Hoc|x86.ActiveCfg = Release|x86
		{23208C5A-05D4-4596-BF96-186708135816}.Ad-Hoc|x86.Build.0 = Release|x86
		{23208C5A-05D4-4596-BF96-186708135816}.Ad-Hoc|x86.Deploy.0 = Release|x86
		{23208C5A-05D4-4596-BF96-186708135816}.AppStore|Any CPU.ActiveCfg = Release|x86
		{23208C5A-05D4-4596-BF96-186708135816}.AppStore|Any CPU.Build.0 = Release|x86
		{23208C5A-05D4-4596-BF96-186708135816}.AppStore|Any CPU.Deploy.0 = Release|x86
		{23208C5A-05D4-4596-BF96-186708135816}.AppStore|ARM.ActiveCfg = Release|ARM
		{23208C5A-05D4-4596-BF96-186708135816}.AppStore|ARM.Build.0 = Release|ARM
		{23208C5A-05D4-4596-BF96-186708135816}.AppStore|ARM.Deploy.0 = Release|ARM
		{23208C5A-05D4-4596-BF96-186708135816}.AppStore|iPhone.ActiveCfg = Release|x86
		{23208C5A-05D4-4596-BF96-186708135816}.AppStore|iPhone.Build.0 = Release|x86
		{23208C5A-05D4-4596-BF96-186708135816}.AppStore|iPhone.Deploy.0 = Release|x86
		{23208C5A-05D4-4596-BF96-186708135816}.AppStore|iPhoneSimulator.ActiveCfg = Release|x86
		{23208C5A-05D4-4596-BF96-186708135816}.AppStore|iPhoneSimulator.Build.0 = Release|x86
		{23208C5A-05D4-4596-BF96-186708135816}.AppStore|iPhoneSimulator.Deploy.0 = Release|x86
		{23208C5A-05D4-4596-BF96-186708135816}.AppStore|x64.ActiveCfg = Release|x64
		{23208C5A-05D4-4596-BF96-186708135816}.AppStore|x64.Build.0 = Release|x64
		{23208C5A-05D4-4596-BF96-186708135816}.AppStore|x64.Deploy.0 = Release|x64
		{23208C5A-05D4-4596-BF96-186708135816}.AppStore|x86.ActiveCfg = Release|x86
		{23208C5A-05D4-4596-BF96-186708135816}.AppStore|x86.Build.0 = Release|x86
		{23208C5A-05D4-4596-BF96-186708135816}.AppStore|x86.Deploy.0 = Release|x86
		{23208C5A-05D4-4596-BF96-186708135816}.Debug|Any CPU.ActiveCfg = Debug|x86
		{23208C5A-05D4-4596-BF96-186708135816}.Debug|ARM.ActiveCfg = Debug|ARM
		{23208C5A-05D4-4596-BF96-186708135816}.Debug|ARM.Build.0 = Debug|ARM
		{23208C5A-05D4-4596-BF96-186708135816}.Debug|ARM.Deploy.0 = Debug|ARM
		{23208C5A-05D4-4596-BF96-186708135816}.Debug|iPhone.ActiveCfg = Debug|x86
		{23208C5A-05D4-4596-BF96-186708135816}.Debug|iPhoneSimulator.ActiveCfg = Debug|x86
		{23208C5A-05D4-4596-BF96-186708135816}.Debug|x64.ActiveCfg = Debug|x64
		{23208C5A-05D4-4596-BF96-186708135816}.Debug|x64.Build.0 = Debug|x64
		{23208C5A-05D4-4596-BF96-186708135816}.Debug|x64.Deploy.0 = Debug|x64
		{23208C5A-05D4-4596-BF96-186708135816}.Debug|x86.ActiveCfg = Debug|x86
		{23208C5A-05D4-4596-BF96-186708135816}.Debug|x86.Build.0 = Debug|x86
		{23208C5A-05D4-4596-BF96-186708135816}.Debug|x86.Deploy.0 = Debug|x86
		{23208C5A-05D4-4596-BF96-186708135816}.Release|Any CPU.ActiveCfg = Release|x86
		{23208C5A-05D4-4596-BF96-186708135816}.Release|ARM.ActiveCfg = Release|ARM
		{23208C5A-05D4-4596-BF96-186708135816}.Release|ARM.Build.0 = Release|ARM
		{23208C5A-05D4-4596-BF96-186708135816}.Release|ARM.Deploy.0 = Release|ARM
		{23208C5A-05D4-4596-BF96-186708135816}.Release|iPhone.ActiveCfg = Release|x86
		{23208C5A-05D4-4596-BF96-186708135816}.Release|iPhoneSimulator.ActiveCfg = Release|x86
		{23208C5A-05D4-4596-BF96-186708135816}.Release|x64.ActiveCfg = Release|x64
		{23208C5A-05D4-4596-BF96-186708135816}.Release|x64.Build.0 = Release|x64
		{23208C5A-05D4-4596-BF96-186708135816}.Release|x64.Deploy.0 = Release|x64
		{23208C5A-05D4-4596-BF96-186708135816}.Release|x86.ActiveCfg = Release|x86
		{23208C5A-05D4-4596-BF96-186708135816}.Release|x86.Build.0 = Release|x86
		{23208C5A-05D4-4596-BF96-186708135816}.Release|x86.Deploy.0 = Release|x86
		{BEBB735E-887E-4BE1-A5B3-73F5C8E0740C}.Ad-Hoc|Any CPU.ActiveCfg = Release|Any CPU
		{BEBB735E-887E-4BE1-A5B3-73F5C8E0740C}.Ad-Hoc|Any CPU.Build.0 = Release|Any CPU
		{BEBB735E-887E-4BE1-A5B3-73F5C8E0740C}.Ad-Hoc|ARM.ActiveCfg = Release|Any CPU
		{BEBB735E-887E-4BE1-A5B3-73F5C8E0740C}.Ad-Hoc|ARM.Build.0 = Release|Any CPU
		{BEBB735E-887E-4BE1-A5B3-73F5C8E0740C}.Ad-Hoc|iPhone.ActiveCfg = Release|Any CPU
		{BEBB735E-887E-4BE1-A5B3-73F5C8E0740C}.Ad-Hoc|iPhone.Build.0 = Release|Any CPU
		{BEBB735E-887E-4BE1-A5B3-73F5C8E0740C}.Ad-Hoc|iPhoneSimulator.ActiveCfg = Release|Any CPU
		{BEBB735E-887E-4BE1-A5B3-73F5C8E0740C}.Ad-Hoc|iPhoneSimulator.Build.0 = Release|Any CPU
		{BEBB735E-887E-4BE1-A5B3-73F5C8E0740C}.Ad-Hoc|x64.ActiveCfg = Release|Any CPU
		{BEBB735E-887E-4BE1-A5B3-73F5C8E0740C}.Ad-Hoc|x64.Build.0 = Release|Any CPU
		{BEBB735E-887E-4BE1-A5B3-73F5C8E0740C}.Ad-Hoc|x86.ActiveCfg = Release|Any CPU
		{BEBB735E-887E-4BE1-A5B3-73F5C8E0740C}.Ad-Hoc|x86.Build.0 = Release|Any CPU
		{BEBB735E-887E-4BE1-A5B3-73F5C8E0740C}.AppStore|Any CPU.ActiveCfg = Release|Any CPU
		{BEBB735E-887E-4BE1-A5B3-73F5C8E0740C}.AppStore|Any CPU.Build.0 = Release|Any CPU
		{BEBB735E-887E-4BE1-A5B3-73F5C8E0740C}.AppStore|ARM.ActiveCfg = Release|Any CPU
		{BEBB735E-887E-4BE1-A5B3-73F5C8E0740C}.AppStore|ARM.Build.0 = Release|Any CPU
		{BEBB735E-887E-4BE1-A5B3-73F5C8E0740C}.AppStore|iPhone.ActiveCfg = Release|Any CPU
		{BEBB735E-887E-4BE1-A5B3-73F5C8E0740C}.AppStore|iPhone.Build.0 = Release|Any CPU
		{BEBB735E-887E-4BE1-A5B3-73F5C8E0740C}.AppStore|iPhoneSimulator.ActiveCfg = Release|Any CPU
		{BEBB735E-887E-4BE1-A5B3-73F5C8E0740C}.AppStore|iPhoneSimulator.Build.0 = Release|Any CPU
		{BEBB735E-887E-4BE1-A5B3-73F5C8E0740C}.AppStore|x64.ActiveCfg = Release|Any CPU
		{BEBB735E-887E-4BE1-A5B3-73F5C8E0740C}.AppStore|x64.Build.0 = Release|Any CPU
		{BEBB735E-887E-4BE1-A5B3-73F5C8E0740C}.AppStore|x86.ActiveCfg = Release|Any CPU
		{BEBB735E-887E-4BE1-A5B3-73F5C8E0740C}.AppStore|x86.Build.0 = Release|Any CPU
		{BEBB735E-887E-4BE1-A5B3-73F5C8E0740C}.Debug|Any CPU.ActiveCfg = Debug|Any CPU
		{BEBB735E-887E-4BE1-A5B3-73F5C8E0740C}.Debug|Any CPU.Build.0 = Debug|Any CPU
		{BEBB735E-887E-4BE1-A5B3-73F5C8E0740C}.Debug|ARM.ActiveCfg = Debug|Any CPU
		{BEBB735E-887E-4BE1-A5B3-73F5C8E0740C}.Debug|ARM.Build.0 = Debug|Any CPU
		{BEBB735E-887E-4BE1-A5B3-73F5C8E0740C}.Debug|iPhone.ActiveCfg = Debug|Any CPU
		{BEBB735E-887E-4BE1-A5B3-73F5C8E0740C}.Debug|iPhone.Build.0 = Debug|Any CPU
		{BEBB735E-887E-4BE1-A5B3-73F5C8E0740C}.Debug|iPhoneSimulator.ActiveCfg = Debug|Any CPU
		{BEBB735E-887E-4BE1-A5B3-73F5C8E0740C}.Debug|iPhoneSimulator.Build.0 = Debug|Any CPU
		{BEBB735E-887E-4BE1-A5B3-73F5C8E0740C}.Debug|x64.ActiveCfg = Debug|Any CPU
		{BEBB735E-887E-4BE1-A5B3-73F5C8E0740C}.Debug|x64.Build.0 = Debug|Any CPU
		{BEBB735E-887E-4BE1-A5B3-73F5C8E0740C}.Debug|x86.ActiveCfg = Debug|Any CPU
		{BEBB735E-887E-4BE1-A5B3-73F5C8E0740C}.Debug|x86.Build.0 = Debug|Any CPU
		{BEBB735E-887E-4BE1-A5B3-73F5C8E0740C}.Release|Any CPU.ActiveCfg = Release|Any CPU
		{BEBB735E-887E-4BE1-A5B3-73F5C8E0740C}.Release|Any CPU.Build.0 = Release|Any CPU
		{BEBB735E-887E-4BE1-A5B3-73F5C8E0740C}.Release|ARM.ActiveCfg = Release|Any CPU
		{BEBB735E-887E-4BE1-A5B3-73F5C8E0740C}.Release|ARM.Build.0 = Release|Any CPU
		{BEBB735E-887E-4BE1-A5B3-73F5C8E0740C}.Release|iPhone.ActiveCfg = Release|Any CPU
		{BEBB735E-887E-4BE1-A5B3-73F5C8E0740C}.Release|iPhone.Build.0 = Release|Any CPU
		{BEBB735E-887E-4BE1-A5B3-73F5C8E0740C}.Release|iPhoneSimulator.ActiveCfg = Release|Any CPU
		{BEBB735E-887E-4BE1-A5B3-73F5C8E0740C}.Release|iPhoneSimulator.Build.0 = Release|Any CPU
		{BEBB735E-887E-4BE1-A5B3-73F5C8E0740C}.Release|x64.ActiveCfg = Release|Any CPU
		{BEBB735E-887E-4BE1-A5B3-73F5C8E0740C}.Release|x64.Build.0 = Release|Any CPU
		{BEBB735E-887E-4BE1-A5B3-73F5C8E0740C}.Release|x86.ActiveCfg = Release|Any CPU
		{BEBB735E-887E-4BE1-A5B3-73F5C8E0740C}.Release|x86.Build.0 = Release|Any CPU
		{C63E54A2-EC7D-4880-95C5-230B3B4AC47F}.Ad-Hoc|Any CPU.ActiveCfg = Debug|Any CPU
		{C63E54A2-EC7D-4880-95C5-230B3B4AC47F}.Ad-Hoc|Any CPU.Build.0 = Debug|Any CPU
		{C63E54A2-EC7D-4880-95C5-230B3B4AC47F}.Ad-Hoc|ARM.ActiveCfg = Debug|Any CPU
		{C63E54A2-EC7D-4880-95C5-230B3B4AC47F}.Ad-Hoc|ARM.Build.0 = Debug|Any CPU
		{C63E54A2-EC7D-4880-95C5-230B3B4AC47F}.Ad-Hoc|iPhone.ActiveCfg = Debug|Any CPU
		{C63E54A2-EC7D-4880-95C5-230B3B4AC47F}.Ad-Hoc|iPhone.Build.0 = Debug|Any CPU
		{C63E54A2-EC7D-4880-95C5-230B3B4AC47F}.Ad-Hoc|iPhoneSimulator.ActiveCfg = Debug|Any CPU
		{C63E54A2-EC7D-4880-95C5-230B3B4AC47F}.Ad-Hoc|iPhoneSimulator.Build.0 = Debug|Any CPU
		{C63E54A2-EC7D-4880-95C5-230B3B4AC47F}.Ad-Hoc|x64.ActiveCfg = Debug|Any CPU
		{C63E54A2-EC7D-4880-95C5-230B3B4AC47F}.Ad-Hoc|x64.Build.0 = Debug|Any CPU
		{C63E54A2-EC7D-4880-95C5-230B3B4AC47F}.Ad-Hoc|x86.ActiveCfg = Debug|Any CPU
		{C63E54A2-EC7D-4880-95C5-230B3B4AC47F}.Ad-Hoc|x86.Build.0 = Debug|Any CPU
		{C63E54A2-EC7D-4880-95C5-230B3B4AC47F}.AppStore|Any CPU.ActiveCfg = Debug|Any CPU
		{C63E54A2-EC7D-4880-95C5-230B3B4AC47F}.AppStore|Any CPU.Build.0 = Debug|Any CPU
		{C63E54A2-EC7D-4880-95C5-230B3B4AC47F}.AppStore|ARM.ActiveCfg = Debug|Any CPU
		{C63E54A2-EC7D-4880-95C5-230B3B4AC47F}.AppStore|ARM.Build.0 = Debug|Any CPU
		{C63E54A2-EC7D-4880-95C5-230B3B4AC47F}.AppStore|iPhone.ActiveCfg = Debug|Any CPU
		{C63E54A2-EC7D-4880-95C5-230B3B4AC47F}.AppStore|iPhone.Build.0 = Debug|Any CPU
		{C63E54A2-EC7D-4880-95C5-230B3B4AC47F}.AppStore|iPhoneSimulator.ActiveCfg = Debug|Any CPU
		{C63E54A2-EC7D-4880-95C5-230B3B4AC47F}.AppStore|iPhoneSimulator.Build.0 = Debug|Any CPU
		{C63E54A2-EC7D-4880-95C5-230B3B4AC47F}.AppStore|x64.ActiveCfg = Debug|Any CPU
		{C63E54A2-EC7D-4880-95C5-230B3B4AC47F}.AppStore|x64.Build.0 = Debug|Any CPU
		{C63E54A2-EC7D-4880-95C5-230B3B4AC47F}.AppStore|x86.ActiveCfg = Debug|Any CPU
		{C63E54A2-EC7D-4880-95C5-230B3B4AC47F}.AppStore|x86.Build.0 = Debug|Any CPU
		{C63E54A2-EC7D-4880-95C5-230B3B4AC47F}.Debug|Any CPU.ActiveCfg = Debug|Any CPU
		{C63E54A2-EC7D-4880-95C5-230B3B4AC47F}.Debug|Any CPU.Build.0 = Debug|Any CPU
		{C63E54A2-EC7D-4880-95C5-230B3B4AC47F}.Debug|ARM.ActiveCfg = Debug|Any CPU
		{C63E54A2-EC7D-4880-95C5-230B3B4AC47F}.Debug|ARM.Build.0 = Debug|Any CPU
		{C63E54A2-EC7D-4880-95C5-230B3B4AC47F}.Debug|iPhone.ActiveCfg = Debug|Any CPU
		{C63E54A2-EC7D-4880-95C5-230B3B4AC47F}.Debug|iPhone.Build.0 = Debug|Any CPU
		{C63E54A2-EC7D-4880-95C5-230B3B4AC47F}.Debug|iPhoneSimulator.ActiveCfg = Debug|Any CPU
		{C63E54A2-EC7D-4880-95C5-230B3B4AC47F}.Debug|iPhoneSimulator.Build.0 = Debug|Any CPU
		{C63E54A2-EC7D-4880-95C5-230B3B4AC47F}.Debug|x64.ActiveCfg = Debug|Any CPU
		{C63E54A2-EC7D-4880-95C5-230B3B4AC47F}.Debug|x64.Build.0 = Debug|Any CPU
		{C63E54A2-EC7D-4880-95C5-230B3B4AC47F}.Debug|x86.ActiveCfg = Debug|Any CPU
		{C63E54A2-EC7D-4880-95C5-230B3B4AC47F}.Debug|x86.Build.0 = Debug|Any CPU
		{C63E54A2-EC7D-4880-95C5-230B3B4AC47F}.Release|Any CPU.ActiveCfg = Release|Any CPU
		{C63E54A2-EC7D-4880-95C5-230B3B4AC47F}.Release|Any CPU.Build.0 = Release|Any CPU
		{C63E54A2-EC7D-4880-95C5-230B3B4AC47F}.Release|ARM.ActiveCfg = Release|Any CPU
		{C63E54A2-EC7D-4880-95C5-230B3B4AC47F}.Release|ARM.Build.0 = Release|Any CPU
		{C63E54A2-EC7D-4880-95C5-230B3B4AC47F}.Release|iPhone.ActiveCfg = Release|Any CPU
		{C63E54A2-EC7D-4880-95C5-230B3B4AC47F}.Release|iPhone.Build.0 = Release|Any CPU
		{C63E54A2-EC7D-4880-95C5-230B3B4AC47F}.Release|iPhoneSimulator.ActiveCfg = Release|Any CPU
		{C63E54A2-EC7D-4880-95C5-230B3B4AC47F}.Release|iPhoneSimulator.Build.0 = Release|Any CPU
		{C63E54A2-EC7D-4880-95C5-230B3B4AC47F}.Release|x64.ActiveCfg = Release|Any CPU
		{C63E54A2-EC7D-4880-95C5-230B3B4AC47F}.Release|x64.Build.0 = Release|Any CPU
		{C63E54A2-EC7D-4880-95C5-230B3B4AC47F}.Release|x86.ActiveCfg = Release|Any CPU
		{C63E54A2-EC7D-4880-95C5-230B3B4AC47F}.Release|x86.Build.0 = Release|Any CPU
	EndGlobalSection
	GlobalSection(SolutionProperties) = preSolution
		HideSolutionNode = FALSE
	EndGlobalSection
	GlobalSection(ExtensibilityGlobals) = postSolution
		SolutionGuid = {FB786BD5-18C4-4E02-8FE4-2CDB114B96B0}
	EndGlobalSection
EndGlobal
